
Microsoft Visual Studio Solution File, Format Version 12.00
# Visual Studio Version 17
VisualStudioVersion = 17.13.35913.81 d17.13
MinimumVisualStudioVersion = 10.0.40219.1
Project("{FAE04EC0-301F-11D3-BF4B-00C04F79EFBC}") = "AWS_SERVER_CREATOR", "AWS_SERVER_CREATOR.csproj", "{5801EE98-3AB8-4FCE-BFAD-72F9D13FC2A4}"
EndProject
Global
	GlobalSection(SolutionConfigurationPlatforms) = preSolution
		Debug|Any CPU = Debug|Any CPU
		Release|Any CPU = Release|Any CPU
	EndGlobalSection
	GlobalSection(ProjectConfigurationPlatforms) = postSolution
		{5801EE98-3AB8-4FCE-BFAD-72F9D13FC2A4}.Debug|Any CPU.ActiveCfg = Debug|Any CPU
		{5801EE98-3AB8-4FCE-BFAD-72F9D13FC2A4}.Debug|Any CPU.Build.0 = Debug|Any CPU
		{5801EE98-3AB8-4FCE-BFAD-72F9D13FC2A4}.Release|Any CPU.ActiveCfg = Release|Any CPU
		{5801EE98-3AB8-4FCE-BFAD-72F9D13FC2A4}.Release|Any CPU.Build.0 = Release|Any CPU
	EndGlobalSection
	GlobalSection(SolutionProperties) = preSolution
		HideSolutionNode = FALSE
	EndGlobalSection
	GlobalSection(ExtensibilityGlobals) = postSolution
		SolutionGuid = {94FD1631-2E44-4D95-8F90-ED08DA888520}
	EndGlobalSection
EndGlobal
